
Microsoft Visual Studio Solution File, Format Version 12.00
# Visual Studio Version 17
VisualStudioVersion = 17.10.35013.160
MinimumVisualStudioVersion = 10.0.40219.1
Project("{F184B08F-C81C-45F6-A57F-5ABD9991F28F}") = "UnPack", "UnPack\UnPack.vbproj", "{DE3BDAC3-7E95-4B92-9F53-F2475ABDB595}"
EndProject
Global
	GlobalSection(SolutionConfigurationPlatforms) = preSolution
		Debug|Any CPU = Debug|Any CPU
		Release|Any CPU = Release|Any CPU
	EndGlobalSection
	GlobalSection(ProjectConfigurationPlatforms) = postSolution
		{DE3BDAC3-7E95-4B92-9F53-F2475ABDB595}.Debug|Any CPU.ActiveCfg = Debug|Any CPU
		{DE3BDAC3-7E95-4B92-9F53-F2475ABDB595}.Debug|Any CPU.Build.0 = Debug|Any CPU
		{DE3BDAC3-7E95-4B92-9F53-F2475ABDB595}.Release|Any CPU.ActiveCfg = Release|Any CPU
		{DE3BDAC3-7E95-4B92-9F53-F2475ABDB595}.Release|Any CPU.Build.0 = Release|Any CPU
	EndGlobalSection
	GlobalSection(SolutionProperties) = preSolution
		HideSolutionNode = FALSE
	EndGlobalSection
	GlobalSection(ExtensibilityGlobals) = postSolution
		SolutionGuid = {B4FDF446-BB00-4D32-818C-6E22639D2BEA}
	EndGlobalSection
EndGlobal
